// !$*UTF8*$!
{
	archiveVersion = 1;
	classes = {
	};
	objectVersion = 50;
	objects = {

/* Begin PBXBuildFile section */
		DC04D3E824517642004D0180 /* AppDelegate.swift in Sources */ = {isa = PBXBuildFile; fileRef = DC04D3E724517642004D0180 /* AppDelegate.swift */; };
		DC04D3EA24517643004D0180 /* SceneDelegate.swift in Sources */ = {isa = PBXBuildFile; fileRef = DC04D3E924517643004D0180 /* SceneDelegate.swift */; };
		DC04D3EC24517643004D0180 /* ViewController.swift in Sources */ = {isa = PBXBuildFile; fileRef = DC04D3EB24517643004D0180 /* ViewController.swift */; };
		DC04D3EF24517643004D0180 /* Main.storyboard in Resources */ = {isa = PBXBuildFile; fileRef = DC04D3ED24517643004D0180 /* Main.storyboard */; };
		DC04D3F124517644004D0180 /* Assets.xcassets in Resources */ = {isa = PBXBuildFile; fileRef = DC04D3F024517644004D0180 /* Assets.xcassets */; };
		DC04D3F424517644004D0180 /* LaunchScreen.storyboard in Resources */ = {isa = PBXBuildFile; fileRef = DC04D3F224517644004D0180 /* LaunchScreen.storyboard */; };
		DC04D3FF24517644004D0180 /* item_viewTests.swift in Sources */ = {isa = PBXBuildFile; fileRef = DC04D3FE24517644004D0180 /* item_viewTests.swift */; };
		DC04D40A24517644004D0180 /* item_viewUITests.swift in Sources */ = {isa = PBXBuildFile; fileRef = DC04D40924517644004D0180 /* item_viewUITests.swift */; };
		DC04D4242451849F004D0180 /* SerchViewController.swift in Sources */ = {isa = PBXBuildFile; fileRef = DC04D4232451849E004D0180 /* SerchViewController.swift */; };
		DC04D42624528977004D0180 /* ResultViewController.swift in Sources */ = {isa = PBXBuildFile; fileRef = DC04D42524528976004D0180 /* ResultViewController.swift */; };
		DC04D42F2453D941004D0180 /* class.swift in Sources */ = {isa = PBXBuildFile; fileRef = DC04D42E2453D941004D0180 /* class.swift */; };
		DC04D43924542BF1004D0180 /* result_class.swift in Sources */ = {isa = PBXBuildFile; fileRef = DC04D43824542BF1004D0180 /* result_class.swift */; };
		DC04D44D2454642A004D0180 /* shop_inf.csv in Resources */ = {isa = PBXBuildFile; fileRef = DC04D44C2454642A004D0180 /* shop_inf.csv */; };
		DC04D45F2455C366004D0180 /* keyword_class.swift in Sources */ = {isa = PBXBuildFile; fileRef = DC04D45E2455C366004D0180 /* keyword_class.swift */; };
		DC04D4612455C5F3004D0180 /* keyword_list.csv in Resources */ = {isa = PBXBuildFile; fileRef = DC04D4602455C5F3004D0180 /* keyword_list.csv */; };
		DC04D4672455DDAE004D0180 /* CollectionViewController.swift in Sources */ = {isa = PBXBuildFile; fileRef = DC04D4662455DDAE004D0180 /* CollectionViewController.swift */; };
		DC04D4692455DDE6004D0180 /* CollectionViewCell.swift in Sources */ = {isa = PBXBuildFile; fileRef = DC04D4682455DDE6004D0180 /* CollectionViewCell.swift */; };
		DC04D46B2455E336004D0180 /* KeywordViewController.swift in Sources */ = {isa = PBXBuildFile; fileRef = DC04D46A2455E336004D0180 /* KeywordViewController.swift */; };
		DC04D4752456A944004D0180 /* KeyViewController.swift in Sources */ = {isa = PBXBuildFile; fileRef = DC04D4742456A944004D0180 /* KeyViewController.swift */; };
		DC04D4772456ABAD004D0180 /* KeyCollectionViewCell.swift in Sources */ = {isa = PBXBuildFile; fileRef = DC04D4762456ABAD004D0180 /* KeyCollectionViewCell.swift */; };
		DC04D4792456C007004D0180 /* KeylistViewController.swift in Sources */ = {isa = PBXBuildFile; fileRef = DC04D4782456C007004D0180 /* KeylistViewController.swift */; };
		DC04D47B2456DA4D004D0180 /* KeyReslutViewController.swift in Sources */ = {isa = PBXBuildFile; fileRef = DC04D47A2456DA4D004D0180 /* KeyReslutViewController.swift */; };
		DCC6A7C32457B5F7006A2680 /* SampleImageViewController.swift in Sources */ = {isa = PBXBuildFile; fileRef = DCC6A7C22457B5F7006A2680 /* SampleImageViewController.swift */; };
		DCC6A7C9245D00D7006A2680 /* PhotoListViewController.swift in Sources */ = {isa = PBXBuildFile; fileRef = DCC6A7C8245D00D7006A2680 /* PhotoListViewController.swift */; };
		DCC6A7CB245D010B006A2680 /* PhotoListItemCollectionViewCell.swift in Sources */ = {isa = PBXBuildFile; fileRef = DCC6A7CA245D010B006A2680 /* PhotoListItemCollectionViewCell.swift */; };
		DCC6A7CD245D0127006A2680 /* PhotoListItemCollectionReusableView.swift in Sources */ = {isa = PBXBuildFile; fileRef = DCC6A7CC245D0127006A2680 /* PhotoListItemCollectionReusableView.swift */; };
		DCC6A7CF245FF3FD006A2680 /* MapViewController.swift in Sources */ = {isa = PBXBuildFile; fileRef = DCC6A7CE245FF3FD006A2680 /* MapViewController.swift */; };
		DCC6A7D1246E244C006A2680 /* MyUINavigationViewController.swift in Sources */ = {isa = PBXBuildFile; fileRef = DCC6A7D0246E244C006A2680 /* MyUINavigationViewController.swift */; };
		DCC6A7D3246E2EC5006A2680 /* 珈琲のたち花.csv in Resources */ = {isa = PBXBuildFile; fileRef = DCC6A7D2246E2EC5006A2680 /* 珈琲のたち花.csv */; };
		DCC6A7DF246E478E006A2680 /* ラノベPOP.otf in Resources */ = {isa = PBXBuildFile; fileRef = DCC6A7DE246E478E006A2680 /* ラノベPOP.otf */; };
/* End PBXBuildFile section */

/* Begin PBXContainerItemProxy section */
		DC04D3FB24517644004D0180 /* PBXContainerItemProxy */ = {
			isa = PBXContainerItemProxy;
			containerPortal = DC04D3DC24517642004D0180 /* Project object */;
			proxyType = 1;
			remoteGlobalIDString = DC04D3E324517642004D0180;
			remoteInfo = item_view;
		};
		DC04D40624517644004D0180 /* PBXContainerItemProxy */ = {
			isa = PBXContainerItemProxy;
			containerPortal = DC04D3DC24517642004D0180 /* Project object */;
			proxyType = 1;
			remoteGlobalIDString = DC04D3E324517642004D0180;
			remoteInfo = item_view;
		};
/* End PBXContainerItemProxy section */

/* Begin PBXFileReference section */
		DC04D3E424517642004D0180 /* item_view.app */ = {isa = PBXFileReference; explicitFileType = wrapper.application; includeInIndex = 0; path = item_view.app; sourceTree = BUILT_PRODUCTS_DIR; };
		DC04D3E724517642004D0180 /* AppDelegate.swift */ = {isa = PBXFileReference; lastKnownFileType = sourcecode.swift; path = AppDelegate.swift; sourceTree = "<group>"; };
		DC04D3E924517643004D0180 /* SceneDelegate.swift */ = {isa = PBXFileReference; lastKnownFileType = sourcecode.swift; path = SceneDelegate.swift; sourceTree = "<group>"; };
		DC04D3EB24517643004D0180 /* ViewController.swift */ = {isa = PBXFileReference; lastKnownFileType = sourcecode.swift; path = ViewController.swift; sourceTree = "<group>"; };
		DC04D3EE24517643004D0180 /* Base */ = {isa = PBXFileReference; lastKnownFileType = file.storyboard; name = Base; path = Base.lproj/Main.storyboard; sourceTree = "<group>"; };
		DC04D3F024517644004D0180 /* Assets.xcassets */ = {isa = PBXFileReference; lastKnownFileType = folder.assetcatalog; path = Assets.xcassets; sourceTree = "<group>"; };
		DC04D3F324517644004D0180 /* Base */ = {isa = PBXFileReference; lastKnownFileType = file.storyboard; name = Base; path = Base.lproj/LaunchScreen.storyboard; sourceTree = "<group>"; };
		DC04D3F524517644004D0180 /* Info.plist */ = {isa = PBXFileReference; lastKnownFileType = text.plist.xml; path = Info.plist; sourceTree = "<group>"; };
		DC04D3FA24517644004D0180 /* item_viewTests.xctest */ = {isa = PBXFileReference; explicitFileType = wrapper.cfbundle; includeInIndex = 0; path = item_viewTests.xctest; sourceTree = BUILT_PRODUCTS_DIR; };
		DC04D3FE24517644004D0180 /* item_viewTests.swift */ = {isa = PBXFileReference; lastKnownFileType = sourcecode.swift; path = item_viewTests.swift; sourceTree = "<group>"; };
		DC04D40024517644004D0180 /* Info.plist */ = {isa = PBXFileReference; lastKnownFileType = text.plist.xml; path = Info.plist; sourceTree = "<group>"; };
		DC04D40524517644004D0180 /* item_viewUITests.xctest */ = {isa = PBXFileReference; explicitFileType = wrapper.cfbundle; includeInIndex = 0; path = item_viewUITests.xctest; sourceTree = BUILT_PRODUCTS_DIR; };
		DC04D40924517644004D0180 /* item_viewUITests.swift */ = {isa = PBXFileReference; lastKnownFileType = sourcecode.swift; path = item_viewUITests.swift; sourceTree = "<group>"; };
		DC04D40B24517644004D0180 /* Info.plist */ = {isa = PBXFileReference; lastKnownFileType = text.plist.xml; path = Info.plist; sourceTree = "<group>"; };
		DC04D4232451849E004D0180 /* SerchViewController.swift */ = {isa = PBXFileReference; lastKnownFileType = sourcecode.swift; path = SerchViewController.swift; sourceTree = "<group>"; };
		DC04D42524528976004D0180 /* ResultViewController.swift */ = {isa = PBXFileReference; lastKnownFileType = sourcecode.swift; path = ResultViewController.swift; sourceTree = "<group>"; };
		DC04D42E2453D941004D0180 /* class.swift */ = {isa = PBXFileReference; lastKnownFileType = sourcecode.swift; name = class.swift; path = item_view/class/class.swift; sourceTree = SOURCE_ROOT; };
		DC04D43824542BF1004D0180 /* result_class.swift */ = {isa = PBXFileReference; lastKnownFileType = sourcecode.swift; path = result_class.swift; sourceTree = "<group>"; };
		DC04D44C2454642A004D0180 /* shop_inf.csv */ = {isa = PBXFileReference; lastKnownFileType = text; path = shop_inf.csv; sourceTree = "<group>"; };
		DC04D45E2455C366004D0180 /* keyword_class.swift */ = {isa = PBXFileReference; lastKnownFileType = sourcecode.swift; path = keyword_class.swift; sourceTree = "<group>"; };
		DC04D4602455C5F3004D0180 /* keyword_list.csv */ = {isa = PBXFileReference; lastKnownFileType = text; path = keyword_list.csv; sourceTree = "<group>"; };
		DC04D4662455DDAE004D0180 /* CollectionViewController.swift */ = {isa = PBXFileReference; lastKnownFileType = sourcecode.swift; name = CollectionViewController.swift; path = ../CollectionViewController.swift; sourceTree = "<group>"; };
		DC04D4682455DDE6004D0180 /* CollectionViewCell.swift */ = {isa = PBXFileReference; lastKnownFileType = sourcecode.swift; name = CollectionViewCell.swift; path = ../CollectionViewCell.swift; sourceTree = "<group>"; };
		DC04D46A2455E336004D0180 /* KeywordViewController.swift */ = {isa = PBXFileReference; lastKnownFileType = sourcecode.swift; name = KeywordViewController.swift; path = ../KeywordViewController.swift; sourceTree = "<group>"; };
		DC04D4742456A944004D0180 /* KeyViewController.swift */ = {isa = PBXFileReference; lastKnownFileType = sourcecode.swift; name = KeyViewController.swift; path = ../KeyViewController.swift; sourceTree = "<group>"; };
		DC04D4762456ABAD004D0180 /* KeyCollectionViewCell.swift */ = {isa = PBXFileReference; lastKnownFileType = sourcecode.swift; name = KeyCollectionViewCell.swift; path = ../KeyCollectionViewCell.swift; sourceTree = "<group>"; };
		DC04D4782456C007004D0180 /* KeylistViewController.swift */ = {isa = PBXFileReference; lastKnownFileType = sourcecode.swift; path = KeylistViewController.swift; sourceTree = "<group>"; };
		DC04D47A2456DA4D004D0180 /* KeyReslutViewController.swift */ = {isa = PBXFileReference; lastKnownFileType = sourcecode.swift; path = KeyReslutViewController.swift; sourceTree = "<group>"; };
		DCC6A7C22457B5F7006A2680 /* SampleImageViewController.swift */ = {isa = PBXFileReference; lastKnownFileType = sourcecode.swift; path = SampleImageViewController.swift; sourceTree = "<group>"; };
		DCC6A7C8245D00D7006A2680 /* PhotoListViewController.swift */ = {isa = PBXFileReference; lastKnownFileType = sourcecode.swift; path = PhotoListViewController.swift; sourceTree = "<group>"; };
		DCC6A7CA245D010B006A2680 /* PhotoListItemCollectionViewCell.swift */ = {isa = PBXFileReference; lastKnownFileType = sourcecode.swift; path = PhotoListItemCollectionViewCell.swift; sourceTree = "<group>"; };
		DCC6A7CC245D0127006A2680 /* PhotoListItemCollectionReusableView.swift */ = {isa = PBXFileReference; lastKnownFileType = sourcecode.swift; path = PhotoListItemCollectionReusableView.swift; sourceTree = "<group>"; };
		DCC6A7CE245FF3FD006A2680 /* MapViewController.swift */ = {isa = PBXFileReference; lastKnownFileType = sourcecode.swift; path = MapViewController.swift; sourceTree = "<group>"; };
		DCC6A7D0246E244C006A2680 /* MyUINavigationViewController.swift */ = {isa = PBXFileReference; lastKnownFileType = sourcecode.swift; path = MyUINavigationViewController.swift; sourceTree = "<group>"; };
		DCC6A7D2246E2EC5006A2680 /* 珈琲のたち花.csv */ = {isa = PBXFileReference; lastKnownFileType = text; path = "珈琲のたち花.csv"; sourceTree = "<group>"; };
		DCC6A7DE246E478E006A2680 /* ラノベPOP.otf */ = {isa = PBXFileReference; lastKnownFileType = file; path = "ラノベPOP.otf"; sourceTree = "<group>"; };
/* End PBXFileReference section */

/* Begin PBXFrameworksBuildPhase section */
		DC04D3E124517642004D0180 /* Frameworks */ = {
			isa = PBXFrameworksBuildPhase;
			buildActionMask = 2147483647;
			files = (
			);
			runOnlyForDeploymentPostprocessing = 0;
		};
		DC04D3F724517644004D0180 /* Frameworks */ = {
			isa = PBXFrameworksBuildPhase;
			buildActionMask = 2147483647;
			files = (
			);
			runOnlyForDeploymentPostprocessing = 0;
		};
		DC04D40224517644004D0180 /* Frameworks */ = {
			isa = PBXFrameworksBuildPhase;
			buildActionMask = 2147483647;
			files = (
			);
			runOnlyForDeploymentPostprocessing = 0;
		};
/* End PBXFrameworksBuildPhase section */

/* Begin PBXGroup section */
		DC04D3DB24517642004D0180 = {
			isa = PBXGroup;
			children = (
				DC04D3E624517642004D0180 /* item_view */,
				DC04D3FD24517644004D0180 /* item_viewTests */,
				DC04D40824517644004D0180 /* item_viewUITests */,
				DC04D3E524517642004D0180 /* Products */,
			);
			sourceTree = "<group>";
		};
		DC04D3E524517642004D0180 /* Products */ = {
			isa = PBXGroup;
			children = (
				DC04D3E424517642004D0180 /* item_view.app */,
				DC04D3FA24517644004D0180 /* item_viewTests.xctest */,
				DC04D40524517644004D0180 /* item_viewUITests.xctest */,
			);
			name = Products;
			sourceTree = "<group>";
		};
		DC04D3E624517642004D0180 /* item_view */ = {
			isa = PBXGroup;
			children = (
				DCC6A7DE246E478E006A2680 /* ラノベPOP.otf */,
				DCC6A7DD246E3C06006A2680 /* class */,
				DC04D4812456FCBA004D0180 /* no-use */,
				DC04D4802456FC5A004D0180 /* main_csv */,
				DC04D47C2456FB8D004D0180 /* csv */,
				DC04D3ED24517643004D0180 /* Main.storyboard */,
				DCC6A7DB246E3A80006A2680 /* swift */,
				DC04D3F024517644004D0180 /* Assets.xcassets */,
				DC04D3F224517644004D0180 /* LaunchScreen.storyboard */,
				DC04D3F524517644004D0180 /* Info.plist */,
			);
			path = item_view;
			sourceTree = "<group>";
		};
		DC04D3FD24517644004D0180 /* item_viewTests */ = {
			isa = PBXGroup;
			children = (
				DC04D3FE24517644004D0180 /* item_viewTests.swift */,
				DC04D40024517644004D0180 /* Info.plist */,
			);
			path = item_viewTests;
			sourceTree = "<group>";
		};
		DC04D40824517644004D0180 /* item_viewUITests */ = {
			isa = PBXGroup;
			children = (
				DC04D40924517644004D0180 /* item_viewUITests.swift */,
				DC04D40B24517644004D0180 /* Info.plist */,
			);
			path = item_viewUITests;
			sourceTree = "<group>";
		};
		DC04D47C2456FB8D004D0180 /* csv */ = {
			isa = PBXGroup;
			children = (
				DCC6A7D2246E2EC5006A2680 /* 珈琲のたち花.csv */,
			);
			path = csv;
			sourceTree = "<group>";
		};
		DC04D4802456FC5A004D0180 /* main_csv */ = {
			isa = PBXGroup;
			children = (
				DC04D44C2454642A004D0180 /* shop_inf.csv */,
				DC04D4602455C5F3004D0180 /* keyword_list.csv */,
			);
			path = main_csv;
			sourceTree = "<group>";
		};
		DC04D4812456FCBA004D0180 /* no-use */ = {
			isa = PBXGroup;
			children = (
				DC04D4762456ABAD004D0180 /* KeyCollectionViewCell.swift */,
				DC04D4742456A944004D0180 /* KeyViewController.swift */,
				DC04D4662455DDAE004D0180 /* CollectionViewController.swift */,
				DC04D4682455DDE6004D0180 /* CollectionViewCell.swift */,
				DC04D46A2455E336004D0180 /* KeywordViewController.swift */,
			);
			name = "no-use";
			path = "/Users/itouisaoichi/Desktop/iosプログラミング/item_view/item_view/no-use";
			sourceTree = "<absolute>";
		};
		DCC6A7DB246E3A80006A2680 /* swift */ = {
			isa = PBXGroup;
			children = (
				DCC6A7CE245FF3FD006A2680 /* MapViewController.swift */,
				DCC6A7C8245D00D7006A2680 /* PhotoListViewController.swift */,
				DCC6A7CA245D010B006A2680 /* PhotoListItemCollectionViewCell.swift */,
				DCC6A7CC245D0127006A2680 /* PhotoListItemCollectionReusableView.swift */,
				DCC6A7C22457B5F7006A2680 /* SampleImageViewController.swift */,
				DC04D3EB24517643004D0180 /* ViewController.swift */,
				DC04D4232451849E004D0180 /* SerchViewController.swift */,
				DC04D42524528976004D0180 /* ResultViewController.swift */,
				DCC6A7D0246E244C006A2680 /* MyUINavigationViewController.swift */,
				DC04D47A2456DA4D004D0180 /* KeyReslutViewController.swift */,
				DC04D4782456C007004D0180 /* KeylistViewController.swift */,
				DC04D3E724517642004D0180 /* AppDelegate.swift */,
				DC04D3E924517643004D0180 /* SceneDelegate.swift */,
			);
			path = swift;
			sourceTree = "<group>";
		};
		DCC6A7DD246E3C06006A2680 /* class */ = {
			isa = PBXGroup;
			children = (
				DC04D45E2455C366004D0180 /* keyword_class.swift */,
				DC04D42E2453D941004D0180 /* class.swift */,
				DC04D43824542BF1004D0180 /* result_class.swift */,
			);
			path = class;
			sourceTree = "<group>";
		};
/* End PBXGroup section */

/* Begin PBXNativeTarget section */
		DC04D3E324517642004D0180 /* item_view */ = {
			isa = PBXNativeTarget;
			buildConfigurationList = DC04D40E24517644004D0180 /* Build configuration list for PBXNativeTarget "item_view" */;
			buildPhases = (
				DC04D3E024517642004D0180 /* Sources */,
				DC04D3E124517642004D0180 /* Frameworks */,
				DC04D3E224517642004D0180 /* Resources */,
			);
			buildRules = (
			);
			dependencies = (
			);
			name = item_view;
			productName = item_view;
			productReference = DC04D3E424517642004D0180 /* item_view.app */;
			productType = "com.apple.product-type.application";
		};
		DC04D3F924517644004D0180 /* item_viewTests */ = {
			isa = PBXNativeTarget;
			buildConfigurationList = DC04D41124517644004D0180 /* Build configuration list for PBXNativeTarget "item_viewTests" */;
			buildPhases = (
				DC04D3F624517644004D0180 /* Sources */,
				DC04D3F724517644004D0180 /* Frameworks */,
				DC04D3F824517644004D0180 /* Resources */,
			);
			buildRules = (
			);
			dependencies = (
				DC04D3FC24517644004D0180 /* PBXTargetDependency */,
			);
			name = item_viewTests;
			productName = item_viewTests;
			productReference = DC04D3FA24517644004D0180 /* item_viewTests.xctest */;
			productType = "com.apple.product-type.bundle.unit-test";
		};
		DC04D40424517644004D0180 /* item_viewUITests */ = {
			isa = PBXNativeTarget;
			buildConfigurationList = DC04D41424517644004D0180 /* Build configuration list for PBXNativeTarget "item_viewUITests" */;
			buildPhases = (
				DC04D40124517644004D0180 /* Sources */,
				DC04D40224517644004D0180 /* Frameworks */,
				DC04D40324517644004D0180 /* Resources */,
			);
			buildRules = (
			);
			dependencies = (
				DC04D40724517644004D0180 /* PBXTargetDependency */,
			);
			name = item_viewUITests;
			productName = item_viewUITests;
			productReference = DC04D40524517644004D0180 /* item_viewUITests.xctest */;
			productType = "com.apple.product-type.bundle.ui-testing";
		};
/* End PBXNativeTarget section */

/* Begin PBXProject section */
		DC04D3DC24517642004D0180 /* Project object */ = {
			isa = PBXProject;
			attributes = {
				LastSwiftUpdateCheck = 1140;
				LastUpgradeCheck = 1140;
				ORGANIZATIONNAME = kaichi;
				TargetAttributes = {
					DC04D3E324517642004D0180 = {
						CreatedOnToolsVersion = 11.4.1;
					};
					DC04D3F924517644004D0180 = {
						CreatedOnToolsVersion = 11.4.1;
						TestTargetID = DC04D3E324517642004D0180;
					};
					DC04D40424517644004D0180 = {
						CreatedOnToolsVersion = 11.4.1;
						TestTargetID = DC04D3E324517642004D0180;
					};
				};
			};
			buildConfigurationList = DC04D3DF24517642004D0180 /* Build configuration list for PBXProject "item_view" */;
			compatibilityVersion = "Xcode 9.3";
			developmentRegion = en;
			hasScannedForEncodings = 0;
			knownRegions = (
				en,
				Base,
			);
			mainGroup = DC04D3DB24517642004D0180;
			productRefGroup = DC04D3E524517642004D0180 /* Products */;
			projectDirPath = "";
			projectRoot = "";
			targets = (
				DC04D3E324517642004D0180 /* item_view */,
				DC04D3F924517644004D0180 /* item_viewTests */,
				DC04D40424517644004D0180 /* item_viewUITests */,
			);
		};
/* End PBXProject section */

/* Begin PBXResourcesBuildPhase section */
		DC04D3E224517642004D0180 /* Resources */ = {
			isa = PBXResourcesBuildPhase;
			buildActionMask = 2147483647;
			files = (
				DC04D3F424517644004D0180 /* LaunchScreen.storyboard in Resources */,
				DCC6A7DF246E478E006A2680 /* ラノベPOP.otf in Resources */,
				DC04D4612455C5F3004D0180 /* keyword_list.csv in Resources */,
				DC04D3F124517644004D0180 /* Assets.xcassets in Resources */,
				DCC6A7D3246E2EC5006A2680 /* 珈琲のたち花.csv in Resources */,
				DC04D44D2454642A004D0180 /* shop_inf.csv in Resources */,
				DC04D3EF24517643004D0180 /* Main.storyboard in Resources */,
			);
			runOnlyForDeploymentPostprocessing = 0;
		};
		DC04D3F824517644004D0180 /* Resources */ = {
			isa = PBXResourcesBuildPhase;
			buildActionMask = 2147483647;
			files = (
			);
			runOnlyForDeploymentPostprocessing = 0;
		};
		DC04D40324517644004D0180 /* Resources */ = {
			isa = PBXResourcesBuildPhase;
			buildActionMask = 2147483647;
			files = (
			);
			runOnlyForDeploymentPostprocessing = 0;
		};
/* End PBXResourcesBuildPhase section */

/* Begin PBXSourcesBuildPhase section */
		DC04D3E024517642004D0180 /* Sources */ = {
			isa = PBXSourcesBuildPhase;
			buildActionMask = 2147483647;
			files = (
				DCC6A7D1246E244C006A2680 /* MyUINavigationViewController.swift in Sources */,
				DC04D4692455DDE6004D0180 /* CollectionViewCell.swift in Sources */,
				DC04D4672455DDAE004D0180 /* CollectionViewController.swift in Sources */,
				DC04D42F2453D941004D0180 /* class.swift in Sources */,
				DCC6A7CF245FF3FD006A2680 /* MapViewController.swift in Sources */,
				DC04D46B2455E336004D0180 /* KeywordViewController.swift in Sources */,
				DCC6A7CD245D0127006A2680 /* PhotoListItemCollectionReusableView.swift in Sources */,
				DCC6A7C9245D00D7006A2680 /* PhotoListViewController.swift in Sources */,
				DC04D4752456A944004D0180 /* KeyViewController.swift in Sources */,
				DC04D4772456ABAD004D0180 /* KeyCollectionViewCell.swift in Sources */,
				DC04D42624528977004D0180 /* ResultViewController.swift in Sources */,
				DCC6A7CB245D010B006A2680 /* PhotoListItemCollectionViewCell.swift in Sources */,
				DC04D4242451849F004D0180 /* SerchViewController.swift in Sources */,
				DC04D3EC24517643004D0180 /* ViewController.swift in Sources */,
				DC04D43924542BF1004D0180 /* result_class.swift in Sources */,
				DC04D45F2455C366004D0180 /* keyword_class.swift in Sources */,
				DC04D3E824517642004D0180 /* AppDelegate.swift in Sources */,
				DC04D4792456C007004D0180 /* KeylistViewController.swift in Sources */,
				DC04D3EA24517643004D0180 /* SceneDelegate.swift in Sources */,
				DCC6A7C32457B5F7006A2680 /* SampleImageViewController.swift in Sources */,
				DC04D47B2456DA4D004D0180 /* KeyReslutViewController.swift in Sources */,
			);
			runOnlyForDeploymentPostprocessing = 0;
		};
		DC04D3F624517644004D0180 /* Sources */ = {
			isa = PBXSourcesBuildPhase;
			buildActionMask = 2147483647;
			files = (
				DC04D3FF24517644004D0180 /* item_viewTests.swift in Sources */,
			);
			runOnlyForDeploymentPostprocessing = 0;
		};
		DC04D40124517644004D0180 /* Sources */ = {
			isa = PBXSourcesBuildPhase;
			buildActionMask = 2147483647;
			files = (
				DC04D40A24517644004D0180 /* item_viewUITests.swift in Sources */,
			);
			runOnlyForDeploymentPostprocessing = 0;
		};
/* End PBXSourcesBuildPhase section */

/* Begin PBXTargetDependency section */
		DC04D3FC24517644004D0180 /* PBXTargetDependency */ = {
			isa = PBXTargetDependency;
			target = DC04D3E324517642004D0180 /* item_view */;
			targetProxy = DC04D3FB24517644004D0180 /* PBXContainerItemProxy */;
		};
		DC04D40724517644004D0180 /* PBXTargetDependency */ = {
			isa = PBXTargetDependency;
			target = DC04D3E324517642004D0180 /* item_view */;
			targetProxy = DC04D40624517644004D0180 /* PBXContainerItemProxy */;
		};
/* End PBXTargetDependency section */

/* Begin PBXVariantGroup section */
		DC04D3ED24517643004D0180 /* Main.storyboard */ = {
			isa = PBXVariantGroup;
			children = (
				DC04D3EE24517643004D0180 /* Base */,
			);
			name = Main.storyboard;
			sourceTree = "<group>";
		};
		DC04D3F224517644004D0180 /* LaunchScreen.storyboard */ = {
			isa = PBXVariantGroup;
			children = (
				DC04D3F324517644004D0180 /* Base */,
			);
			name = LaunchScreen.storyboard;
			sourceTree = "<group>";
		};
/* End PBXVariantGroup section */

/* Begin XCBuildConfiguration section */
		DC04D40C24517644004D0180 /* Debug */ = {
			isa = XCBuildConfiguration;
			buildSettings = {
				ALWAYS_SEARCH_USER_PATHS = NO;
				CLANG_ANALYZER_NONNULL = YES;
				CLANG_ANALYZER_NUMBER_OBJECT_CONVERSION = YES_AGGRESSIVE;
				CLANG_CXX_LANGUAGE_STANDARD = "gnu++14";
				CLANG_CXX_LIBRARY = "libc++";
				CLANG_ENABLE_MODULES = YES;
				CLANG_ENABLE_OBJC_ARC = YES;
				CLANG_ENABLE_OBJC_WEAK = YES;
				CLANG_WARN_BLOCK_CAPTURE_AUTORELEASING = YES;
				CLANG_WARN_BOOL_CONVERSION = YES;
				CLANG_WARN_COMMA = YES;
				CLANG_WARN_CONSTANT_CONVERSION = YES;
				CLANG_WARN_DEPRECATED_OBJC_IMPLEMENTATIONS = YES;
				CLANG_WARN_DIRECT_OBJC_ISA_USAGE = YES_ERROR;
				CLANG_WARN_DOCUMENTATION_COMMENTS = YES;
				CLANG_WARN_EMPTY_BODY = YES;
				CLANG_WARN_ENUM_CONVERSION = YES;
				CLANG_WARN_INFINITE_RECURSION = YES;
				CLANG_WARN_INT_CONVERSION = YES;
				CLANG_WARN_NON_LITERAL_NULL_CONVERSION = YES;
				CLANG_WARN_OBJC_IMPLICIT_RETAIN_SELF = YES;
				CLANG_WARN_OBJC_LITERAL_CONVERSION = YES;
				CLANG_WARN_OBJC_ROOT_CLASS = YES_ERROR;
				CLANG_WARN_RANGE_LOOP_ANALYSIS = YES;
				CLANG_WARN_STRICT_PROTOTYPES = YES;
				CLANG_WARN_SUSPICIOUS_MOVE = YES;
				CLANG_WARN_UNGUARDED_AVAILABILITY = YES_AGGRESSIVE;
				CLANG_WARN_UNREACHABLE_CODE = YES;
				CLANG_WARN__DUPLICATE_METHOD_MATCH = YES;
				COPY_PHASE_STRIP = NO;
				DEBUG_INFORMATION_FORMAT = dwarf;
				ENABLE_STRICT_OBJC_MSGSEND = YES;
				ENABLE_TESTABILITY = YES;
				GCC_C_LANGUAGE_STANDARD = gnu11;
				GCC_DYNAMIC_NO_PIC = NO;
				GCC_NO_COMMON_BLOCKS = YES;
				GCC_OPTIMIZATION_LEVEL = 0;
				GCC_PREPROCESSOR_DEFINITIONS = (
					"DEBUG=1",
					"$(inherited)",
				);
				GCC_WARN_64_TO_32_BIT_CONVERSION = YES;
				GCC_WARN_ABOUT_RETURN_TYPE = YES_ERROR;
				GCC_WARN_UNDECLARED_SELECTOR = YES;
				GCC_WARN_UNINITIALIZED_AUTOS = YES_AGGRESSIVE;
				GCC_WARN_UNUSED_FUNCTION = YES;
				GCC_WARN_UNUSED_VARIABLE = YES;
				IPHONEOS_DEPLOYMENT_TARGET = 13.4;
				MTL_ENABLE_DEBUG_INFO = INCLUDE_SOURCE;
				MTL_FAST_MATH = YES;
				ONLY_ACTIVE_ARCH = YES;
				SDKROOT = iphoneos;
				SWIFT_ACTIVE_COMPILATION_CONDITIONS = DEBUG;
				SWIFT_OPTIMIZATION_LEVEL = "-Onone";
			};
			name = Debug;
		};
		DC04D40D24517644004D0180 /* Release */ = {
			isa = XCBuildConfiguration;
			buildSettings = {
				ALWAYS_SEARCH_USER_PATHS = NO;
				CLANG_ANALYZER_NONNULL = YES;
				CLANG_ANALYZER_NUMBER_OBJECT_CONVERSION = YES_AGGRESSIVE;
				CLANG_CXX_LANGUAGE_STANDARD = "gnu++14";
				CLANG_CXX_LIBRARY = "libc++";
				CLANG_ENABLE_MODULES = YES;
				CLANG_ENABLE_OBJC_ARC = YES;
				CLANG_ENABLE_OBJC_WEAK = YES;
				CLANG_WARN_BLOCK_CAPTURE_AUTORELEASING = YES;
				CLANG_WARN_BOOL_CONVERSION = YES;
				CLANG_WARN_COMMA = YES;
				CLANG_WARN_CONSTANT_CONVERSION = YES;
				CLANG_WARN_DEPRECATED_OBJC_IMPLEMENTATIONS = YES;
				CLANG_WARN_DIRECT_OBJC_ISA_USAGE = YES_ERROR;
				CLANG_WARN_DOCUMENTATION_COMMENTS = YES;
				CLANG_WARN_EMPTY_BODY = YES;
				CLANG_WARN_ENUM_CONVERSION = YES;
				CLANG_WARN_INFINITE_RECURSION = YES;
				CLANG_WARN_INT_CONVERSION = YES;
				CLANG_WARN_NON_LITERAL_NULL_CONVERSION = YES;
				CLANG_WARN_OBJC_IMPLICIT_RETAIN_SELF = YES;
				CLANG_WARN_OBJC_LITERAL_CONVERSION = YES;
				CLANG_WARN_OBJC_ROOT_CLASS = YES_ERROR;
				CLANG_WARN_RANGE_LOOP_ANALYSIS = YES;
				CLANG_WARN_STRICT_PROTOTYPES = YES;
				CLANG_WARN_SUSPICIOUS_MOVE = YES;
				CLANG_WARN_UNGUARDED_AVAILABILITY = YES_AGGRESSIVE;
				CLANG_WARN_UNREACHABLE_CODE = YES;
				CLANG_WARN__DUPLICATE_METHOD_MATCH = YES;
				COPY_PHASE_STRIP = NO;
				DEBUG_INFORMATION_FORMAT = "dwarf-with-dsym";
				ENABLE_NS_ASSERTIONS = NO;
				ENABLE_STRICT_OBJC_MSGSEND = YES;
				GCC_C_LANGUAGE_STANDARD = gnu11;
				GCC_NO_COMMON_BLOCKS = YES;
				GCC_WARN_64_TO_32_BIT_CONVERSION = YES;
				GCC_WARN_ABOUT_RETURN_TYPE = YES_ERROR;
				GCC_WARN_UNDECLARED_SELECTOR = YES;
				GCC_WARN_UNINITIALIZED_AUTOS = YES_AGGRESSIVE;
				GCC_WARN_UNUSED_FUNCTION = YES;
				GCC_WARN_UNUSED_VARIABLE = YES;
				IPHONEOS_DEPLOYMENT_TARGET = 13.4;
				MTL_ENABLE_DEBUG_INFO = NO;
				MTL_FAST_MATH = YES;
				SDKROOT = iphoneos;
				SWIFT_COMPILATION_MODE = wholemodule;
				SWIFT_OPTIMIZATION_LEVEL = "-O";
				VALIDATE_PRODUCT = YES;
			};
			name = Release;
		};
		DC04D40F24517644004D0180 /* Debug */ = {
			isa = XCBuildConfiguration;
			buildSettings = {
				ASSETCATALOG_COMPILER_APPICON_NAME = AppIcon;
				CODE_SIGN_STYLE = Automatic;
				CURRENT_PROJECT_VERSION = 1.0.0;
				INFOPLIST_FILE = item_view/Info.plist;
				LD_RUNPATH_SEARCH_PATHS = (
					"$(inherited)",
					"@executable_path/Frameworks",
				);
				MARKETING_VERSION = 1.0.0;
				PRODUCT_BUNDLE_IDENTIFIER = com.oti.DeleteCoronaApp;
				PRODUCT_NAME = DeleteCoronaApp;
				SWIFT_VERSION = 5.0;
				TARGETED_DEVICE_FAMILY = "1,2";
			};
			name = Debug;
		};
		DC04D41024517644004D0180 /* Release */ = {
			isa = XCBuildConfiguration;
			buildSettings = {
				ASSETCATALOG_COMPILER_APPICON_NAME = AppIcon;
				CODE_SIGN_STYLE = Automatic;
				CURRENT_PROJECT_VERSION = 1.0.0;
				INFOPLIST_FILE = item_view/Info.plist;
				LD_RUNPATH_SEARCH_PATHS = (
					"$(inherited)",
					"@executable_path/Frameworks",
				);
				MARKETING_VERSION = 1.0.0;
				PRODUCT_BUNDLE_IDENTIFIER = com.oti.DeleteCoronaApp;
				PRODUCT_NAME = DeleteCoronaApp;
				SWIFT_VERSION = 5.0;
				TARGETED_DEVICE_FAMILY = "1,2";
			};
			name = Release;
		};
		DC04D41224517644004D0180 /* Debug */ = {
			isa = XCBuildConfiguration;
			buildSettings = {
				ALWAYS_EMBED_SWIFT_STANDARD_LIBRARIES = YES;
				BUNDLE_LOADER = "$(TEST_HOST)";
				CODE_SIGN_STYLE = Automatic;
				INFOPLIST_FILE = item_viewTests/Info.plist;
				IPHONEOS_DEPLOYMENT_TARGET = 13.4;
				LD_RUNPATH_SEARCH_PATHS = (
					"$(inherited)",
					"@executable_path/Frameworks",
					"@loader_path/Frameworks",
				);
				PRODUCT_BUNDLE_IDENTIFIER = "com.oti.item-viewTests";
				PRODUCT_NAME = "$(TARGET_NAME)";
				SWIFT_VERSION = 5.0;
				TARGETED_DEVICE_FAMILY = "1,2";
				TEST_HOST = "$(BUILT_PRODUCTS_DIR)/item_view.app/item_view";
			};
			name = Debug;
		};
		DC04D41324517644004D0180 /* Release */ = {
			isa = XCBuildConfiguration;
			buildSettings = {
				ALWAYS_EMBED_SWIFT_STANDARD_LIBRARIES = YES;
				BUNDLE_LOADER = "$(TEST_HOST)";
				CODE_SIGN_STYLE = Automatic;
				INFOPLIST_FILE = item_viewTests/Info.plist;
				IPHONEOS_DEPLOYMENT_TARGET = 13.4;
				LD_RUNPATH_SEARCH_PATHS = (
					"$(inherited)",
					"@executable_path/Frameworks",
					"@loader_path/Frameworks",
				);
				PRODUCT_BUNDLE_IDENTIFIER = "com.oti.item-viewTests";
				PRODUCT_NAME = "$(TARGET_NAME)";
				SWIFT_VERSION = 5.0;
				TARGETED_DEVICE_FAMILY = "1,2";
				TEST_HOST = "$(BUILT_PRODUCTS_DIR)/item_view.app/item_view";
			};
			name = Release;
		};
		DC04D41524517644004D0180 /* Debug */ = {
			isa = XCBuildConfiguration;
			buildSettings = {
				ALWAYS_EMBED_SWIFT_STANDARD_LIBRARIES = YES;
				CODE_SIGN_STYLE = Automatic;
				INFOPLIST_FILE = item_viewUITests/Info.plist;
				LD_RUNPATH_SEARCH_PATHS = (
					"$(inherited)",
					"@executable_path/Frameworks",
					"@loader_path/Frameworks",
				);
				PRODUCT_BUNDLE_IDENTIFIER = "com.oti.item-viewUITests";
				PRODUCT_NAME = "$(TARGET_NAME)";
				SWIFT_VERSION = 5.0;
				TARGETED_DEVICE_FAMILY = "1,2";
				TEST_TARGET_NAME = item_view;
			};
			name = Debug;
		};
		DC04D41624517644004D0180 /* Release */ = {
			isa = XCBuildConfiguration;
			buildSettings = {
				ALWAYS_EMBED_SWIFT_STANDARD_LIBRARIES = YES;
				CODE_SIGN_STYLE = Automatic;
				INFOPLIST_FILE = item_viewUITests/Info.plist;
				LD_RUNPATH_SEARCH_PATHS = (
					"$(inherited)",
					"@executable_path/Frameworks",
					"@loader_path/Frameworks",
				);
				PRODUCT_BUNDLE_IDENTIFIER = "com.oti.item-viewUITests";
				PRODUCT_NAME = "$(TARGET_NAME)";
				SWIFT_VERSION = 5.0;
				TARGETED_DEVICE_FAMILY = "1,2";
				TEST_TARGET_NAME = item_view;
			};
			name = Release;
		};
/* End XCBuildConfiguration section */

/* Begin XCConfigurationList section */
		DC04D3DF24517642004D0180 /* Build configuration list for PBXProject "item_view" */ = {
			isa = XCConfigurationList;
			buildConfigurations = (
				DC04D40C24517644004D0180 /* Debug */,
				DC04D40D24517644004D0180 /* Release */,
			);
			defaultConfigurationIsVisible = 0;
			defaultConfigurationName = Release;
		};
		DC04D40E24517644004D0180 /* Build configuration list for PBXNativeTarget "item_view" */ = {
			isa = XCConfigurationList;
			buildConfigurations = (
				DC04D40F24517644004D0180 /* Debug */,
				DC04D41024517644004D0180 /* Release */,
			);
			defaultConfigurationIsVisible = 0;
			defaultConfigurationName = Release;
		};
		DC04D41124517644004D0180 /* Build configuration list for PBXNativeTarget "item_viewTests" */ = {
			isa = XCConfigurationList;
			buildConfigurations = (
				DC04D41224517644004D0180 /* Debug */,
				DC04D41324517644004D0180 /* Release */,
			);
			defaultConfigurationIsVisible = 0;
			defaultConfigurationName = Release;
		};
		DC04D41424517644004D0180 /* Build configuration list for PBXNativeTarget "item_viewUITests" */ = {
			isa = XCConfigurationList;
			buildConfigurations = (
				DC04D41524517644004D0180 /* Debug */,
				DC04D41624517644004D0180 /* Release */,
			);
			defaultConfigurationIsVisible = 0;
			defaultConfigurationName = Release;
		};
/* End XCConfigurationList section */
	};
	rootObject = DC04D3DC24517642004D0180 /* Project object */;
}
